
Microsoft Visual Studio Solution File, Format Version 12.00
# Visual Studio 15
Project("{FAE04EC0-301F-11D3-BF4B-00C04F79EFBC}") = "BitFlipCode", "BitFlipCode\BitFlipCode.csproj", "{881CB475-B396-4BE4-8F5A-AD299C89F947}"
EndProject
Project("{FAE04EC0-301F-11D3-BF4B-00C04F79EFBC}") = "FaultySimulator", "FaultySimulator\FaultySimulator.csproj", "{6507FAAB-9182-43F0-BC13-C863CA68536A}"
EndProject
Project("{FAE04EC0-301F-11D3-BF4B-00C04F79EFBC}") = "SurfaceCode", "SurfaceCode\SurfaceCode.csproj", "{4C410C9A-F3D3-4B3A-A7CB-78D5D8A00AD9}"
EndProject
Global
	GlobalSection(SolutionConfigurationPlatforms) = preSolution
		Debug|Any CPU = Debug|Any CPU
		Release|Any CPU = Release|Any CPU
	EndGlobalSection
	GlobalSection(ProjectConfigurationPlatforms) = postSolution
		{881CB475-B396-4BE4-8F5A-AD299C89F947}.Debug|Any CPU.ActiveCfg = Debug|Any CPU
		{881CB475-B396-4BE4-8F5A-AD299C89F947}.Debug|Any CPU.Build.0 = Debug|Any CPU
		{881CB475-B396-4BE4-8F5A-AD299C89F947}.Release|Any CPU.ActiveCfg = Release|Any CPU
		{881CB475-B396-4BE4-8F5A-AD299C89F947}.Release|Any CPU.Build.0 = Release|Any CPU
		{6507FAAB-9182-43F0-BC13-C863CA68536A}.Debug|Any CPU.ActiveCfg = Debug|Any CPU
		{6507FAAB-9182-43F0-BC13-C863CA68536A}.Debug|Any CPU.Build.0 = Debug|Any CPU
		{6507FAAB-9182-43F0-BC13-C863CA68536A}.Release|Any CPU.ActiveCfg = Release|Any CPU
		{6507FAAB-9182-43F0-BC13-C863CA68536A}.Release|Any CPU.Build.0 = Release|Any CPU
		{4C410C9A-F3D3-4B3A-A7CB-78D5D8A00AD9}.Debug|Any CPU.ActiveCfg = Debug|Any CPU
		{4C410C9A-F3D3-4B3A-A7CB-78D5D8A00AD9}.Debug|Any CPU.Build.0 = Debug|Any CPU
		{4C410C9A-F3D3-4B3A-A7CB-78D5D8A00AD9}.Release|Any CPU.ActiveCfg = Release|Any CPU
		{4C410C9A-F3D3-4B3A-A7CB-78D5D8A00AD9}.Release|Any CPU.Build.0 = Release|Any CPU
	EndGlobalSection
EndGlobal
